
Microsoft Visual Studio Solution File, Format Version 12.00
# Visual Studio 15
VisualStudioVersion = 15.0.28307.1525
MinimumVisualStudioVersion = 10.0.40219.1
Project("{FAE04EC0-301F-11D3-BF4B-00C04F79EFBC}") = "HydraulicCalc", "HydraulicCalc.csproj", "{A3C54364-4220-48AB-9D04-212A3228CDEB}"
EndProject
Global
	GlobalSection(SolutionConfigurationPlatforms) = preSolution
		Debug|Any CPU = Debug|Any CPU
		Release|Any CPU = Release|Any CPU
	EndGlobalSection
	GlobalSection(ProjectConfigurationPlatforms) = postSolution
		{A3C54364-4220-48AB-9D04-212A3228CDEB}.Debug|Any CPU.ActiveCfg = Debug|Any CPU
		{A3C54364-4220-48AB-9D04-212A3228CDEB}.Debug|Any CPU.Build.0 = Debug|Any CPU
		{A3C54364-4220-48AB-9D04-212A3228CDEB}.Release|Any CPU.ActiveCfg = Release|Any CPU
		{A3C54364-4220-48AB-9D04-212A3228CDEB}.Release|Any CPU.Build.0 = Release|Any CPU
	EndGlobalSection
	GlobalSection(SolutionProperties) = preSolution
		HideSolutionNode = FALSE
	EndGlobalSection
	GlobalSection(ExtensibilityGlobals) = postSolution
		SolutionGuid = {67EE3CD4-CE4D-47BF-A588-39C471E60998}
	EndGlobalSection
EndGlobal
